
Microsoft Visual Studio Solution File, Format Version 12.00
# Visual Studio Version 17
VisualStudioVersion = 17.12.35707.178
MinimumVisualStudioVersion = 10.0.40219.1
Project("{8BC9CEB8-8B4A-11D0-8D11-00A0C91BC942}") = "calculator", "calculator\calculator.vcxproj", "{7B189EF2-B6FE-42F7-8FD4-24025D0D09E2}"
EndProject
Project("{8BC9CEB8-8B4A-11D0-8D11-00A0C91BC942}") = "atm simulation", "atm simulation\atm simulation.vcxproj", "{89717B16-DDDA-45DD-A64F-C4FA0E8F514B}"
EndProject
Project("{8BC9CEB8-8B4A-11D0-8D11-00A0C91BC942}") = "Salary management system", "Salary management system\Salary management system.vcxproj", "{2A46B5EB-A7BA-4E25-8829-B16672233893}"
EndProject
Project("{8BC9CEB8-8B4A-11D0-8D11-00A0C91BC942}") = "quiz(1)", "quiz(1)\quiz(1).vcxproj", "{BC8A18FA-0258-4FE6-AF1D-59A9B8062E02}"
EndProject
Project("{8BC9CEB8-8B4A-11D0-8D11-00A0C91BC942}") = "pointers to modify variables through functions", "pointers to modify variables through functions\pointers to modify variables through functions.vcxproj", "{8DBC9FB1-D4AB-418D-8750-FDBD2E565CB4}"
EndProject
Project("{8BC9CEB8-8B4A-11D0-8D11-00A0C91BC942}") = "Student Grade System by passing pointers to functions", "Student Grade System by passing pointers to functions\Student Grade System by passing pointers to functions.vcxproj", "{7E1DA5A5-E956-4782-BC35-8DF7CA7EC85B}"
EndProject
Project("{8BC9CEB8-8B4A-11D0-8D11-00A0C91BC942}") = "proplem solving example using filter", "proplem solving example using filter\proplem solving example using filter.vcxproj", "{FA6809D3-1063-4146-8B43-4ED04A959824}"
EndProject
Project("{8BC9CEB8-8B4A-11D0-8D11-00A0C91BC942}") = "Quiz(2)(part1)", "Quiz(2)(part1)\Quiz(2)(part1).vcxproj", "{0F93A630-4D25-48DE-B34F-460D4CC45423}"
EndProject
Project("{8BC9CEB8-8B4A-11D0-8D11-00A0C91BC942}") = "quiz(2)(part2)", "quiz(2)(part2)\quiz(2)(part2).vcxproj", "{BABA43B5-2DD6-4C59-9C5B-09C7AC8BA1CF}"
EndProject
Project("{8BC9CEB8-8B4A-11D0-8D11-00A0C91BC942}") = "Student management system using OOP", "Student management system using OOP\Student management system using OOP.vcxproj", "{4073DBFD-3516-4785-BC68-10BD4CB781BE}"
EndProject
Project("{8BC9CEB8-8B4A-11D0-8D11-00A0C91BC942}") = "quiz(3)", "quiz(3)\quiz(3).vcxproj", "{F253C523-7A27-429E-A073-36B0B7757E84}"
EndProject
Project("{8BC9CEB8-8B4A-11D0-8D11-00A0C91BC942}") = "library managment system", "library managment system\library managment system.vcxproj", "{DBBDD54B-340B-4C85-8E1B-0F9ADBFF614B}"
EndProject
Global
	GlobalSection(SolutionConfigurationPlatforms) = preSolution
		Debug|x64 = Debug|x64
		Debug|x86 = Debug|x86
		Release|x64 = Release|x64
		Release|x86 = Release|x86
	EndGlobalSection
	GlobalSection(ProjectConfigurationPlatforms) = postSolution
		{7B189EF2-B6FE-42F7-8FD4-24025D0D09E2}.Debug|x64.ActiveCfg = Debug|x64
		{7B189EF2-B6FE-42F7-8FD4-24025D0D09E2}.Debug|x64.Build.0 = Debug|x64
		{7B189EF2-B6FE-42F7-8FD4-24025D0D09E2}.Debug|x86.ActiveCfg = Debug|Win32
		{7B189EF2-B6FE-42F7-8FD4-24025D0D09E2}.Debug|x86.Build.0 = Debug|Win32
		{7B189EF2-B6FE-42F7-8FD4-24025D0D09E2}.Release|x64.ActiveCfg = Release|x64
		{7B189EF2-B6FE-42F7-8FD4-24025D0D09E2}.Release|x64.Build.0 = Release|x64
		{7B189EF2-B6FE-42F7-8FD4-24025D0D09E2}.Release|x86.ActiveCfg = Release|Win32
		{7B189EF2-B6FE-42F7-8FD4-24025D0D09E2}.Release|x86.Build.0 = Release|Win32
		{89717B16-DDDA-45DD-A64F-C4FA0E8F514B}.Debug|x64.ActiveCfg = Debug|x64
		{89717B16-DDDA-45DD-A64F-C4FA0E8F514B}.Debug|x64.Build.0 = Debug|x64
		{89717B16-DDDA-45DD-A64F-C4FA0E8F514B}.Debug|x86.ActiveCfg = Debug|Win32
		{89717B16-DDDA-45DD-A64F-C4FA0E8F514B}.Debug|x86.Build.0 = Debug|Win32
		{89717B16-DDDA-45DD-A64F-C4FA0E8F514B}.Release|x64.ActiveCfg = Release|x64
		{89717B16-DDDA-45DD-A64F-C4FA0E8F514B}.Release|x64.Build.0 = Release|x64
		{89717B16-DDDA-45DD-A64F-C4FA0E8F514B}.Release|x86.ActiveCfg = Release|Win32
		{89717B16-DDDA-45DD-A64F-C4FA0E8F514B}.Release|x86.Build.0 = Release|Win32
		{2A46B5EB-A7BA-4E25-8829-B16672233893}.Debug|x64.ActiveCfg = Debug|x64
		{2A46B5EB-A7BA-4E25-8829-B16672233893}.Debug|x64.Build.0 = Debug|x64
		{2A46B5EB-A7BA-4E25-8829-B16672233893}.Debug|x86.ActiveCfg = Debug|Win32
		{2A46B5EB-A7BA-4E25-8829-B16672233893}.Debug|x86.Build.0 = Debug|Win32
		{2A46B5EB-A7BA-4E25-8829-B16672233893}.Release|x64.ActiveCfg = Release|x64
		{2A46B5EB-A7BA-4E25-8829-B16672233893}.Release|x64.Build.0 = Release|x64
		{2A46B5EB-A7BA-4E25-8829-B16672233893}.Release|x86.ActiveCfg = Release|Win32
		{2A46B5EB-A7BA-4E25-8829-B16672233893}.Release|x86.Build.0 = Release|Win32
		{BC8A18FA-0258-4FE6-AF1D-59A9B8062E02}.Debug|x64.ActiveCfg = Debug|x64
		{BC8A18FA-0258-4FE6-AF1D-59A9B8062E02}.Debug|x64.Build.0 = Debug|x64
		{BC8A18FA-0258-4FE6-AF1D-59A9B8062E02}.Debug|x86.ActiveCfg = Debug|Win32
		{BC8A18FA-0258-4FE6-AF1D-59A9B8062E02}.Debug|x86.Build.0 = Debug|Win32
		{BC8A18FA-0258-4FE6-AF1D-59A9B8062E02}.Release|x64.ActiveCfg = Release|x64
		{BC8A18FA-0258-4FE6-AF1D-59A9B8062E02}.Release|x64.Build.0 = Release|x64
		{BC8A18FA-0258-4FE6-AF1D-59A9B8062E02}.Release|x86.ActiveCfg = Release|Win32
		{BC8A18FA-0258-4FE6-AF1D-59A9B8062E02}.Release|x86.Build.0 = Release|Win32
		{8DBC9FB1-D4AB-418D-8750-FDBD2E565CB4}.Debug|x64.ActiveCfg = Debug|x64
		{8DBC9FB1-D4AB-418D-8750-FDBD2E565CB4}.Debug|x64.Build.0 = Debug|x64
		{8DBC9FB1-D4AB-418D-8750-FDBD2E565CB4}.Debug|x86.ActiveCfg = Debug|Win32
		{8DBC9FB1-D4AB-418D-8750-FDBD2E565CB4}.Debug|x86.Build.0 = Debug|Win32
		{8DBC9FB1-D4AB-418D-8750-FDBD2E565CB4}.Release|x64.ActiveCfg = Release|x64
		{8DBC9FB1-D4AB-418D-8750-FDBD2E565CB4}.Release|x64.Build.0 = Release|x64
		{8DBC9FB1-D4AB-418D-8750-FDBD2E565CB4}.Release|x86.ActiveCfg = Release|Win32
		{8DBC9FB1-D4AB-418D-8750-FDBD2E565CB4}.Release|x86.Build.0 = Release|Win32
		{7E1DA5A5-E956-4782-BC35-8DF7CA7EC85B}.Debug|x64.ActiveCfg = Debug|x64
		{7E1DA5A5-E956-4782-BC35-8DF7CA7EC85B}.Debug|x64.Build.0 = Debug|x64
		{7E1DA5A5-E956-4782-BC35-8DF7CA7EC85B}.Debug|x86.ActiveCfg = Debug|Win32
		{7E1DA5A5-E956-4782-BC35-8DF7CA7EC85B}.Debug|x86.Build.0 = Debug|Win32
		{7E1DA5A5-E956-4782-BC35-8DF7CA7EC85B}.Release|x64.ActiveCfg = Release|x64
		{7E1DA5A5-E956-4782-BC35-8DF7CA7EC85B}.Release|x64.Build.0 = Release|x64
		{7E1DA5A5-E956-4782-BC35-8DF7CA7EC85B}.Release|x86.ActiveCfg = Release|Win32
		{7E1DA5A5-E956-4782-BC35-8DF7CA7EC85B}.Release|x86.Build.0 = Release|Win32
		{FA6809D3-1063-4146-8B43-4ED04A959824}.Debug|x64.ActiveCfg = Debug|x64
		{FA6809D3-1063-4146-8B43-4ED04A959824}.Debug|x64.Build.0 = Debug|x64
		{FA6809D3-1063-4146-8B43-4ED04A959824}.Debug|x86.ActiveCfg = Debug|Win32
		{FA6809D3-1063-4146-8B43-4ED04A959824}.Debug|x86.Build.0 = Debug|Win32
		{FA6809D3-1063-4146-8B43-4ED04A959824}.Release|x64.ActiveCfg = Release|x64
		{FA6809D3-1063-4146-8B43-4ED04A959824}.Release|x64.Build.0 = Release|x64
		{FA6809D3-1063-4146-8B43-4ED04A959824}.Release|x86.ActiveCfg = Release|Win32
		{FA6809D3-1063-4146-8B43-4ED04A959824}.Release|x86.Build.0 = Release|Win32
		{0F93A630-4D25-48DE-B34F-460D4CC45423}.Debug|x64.ActiveCfg = Debug|x64
		{0F93A630-4D25-48DE-B34F-460D4CC45423}.Debug|x64.Build.0 = Debug|x64
		{0F93A630-4D25-48DE-B34F-460D4CC45423}.Debug|x86.ActiveCfg = Debug|Win32
		{0F93A630-4D25-48DE-B34F-460D4CC45423}.Debug|x86.Build.0 = Debug|Win32
		{0F93A630-4D25-48DE-B34F-460D4CC45423}.Release|x64.ActiveCfg = Release|x64
		{0F93A630-4D25-48DE-B34F-460D4CC45423}.Release|x64.Build.0 = Release|x64
		{0F93A630-4D25-48DE-B34F-460D4CC45423}.Release|x86.ActiveCfg = Release|Win32
		{0F93A630-4D25-48DE-B34F-460D4CC45423}.Release|x86.Build.0 = Release|Win32
		{BABA43B5-2DD6-4C59-9C5B-09C7AC8BA1CF}.Debug|x64.ActiveCfg = Debug|x64
		{BABA43B5-2DD6-4C59-9C5B-09C7AC8BA1CF}.Debug|x64.Build.0 = Debug|x64
		{BABA43B5-2DD6-4C59-9C5B-09C7AC8BA1CF}.Debug|x86.ActiveCfg = Debug|Win32
		{BABA43B5-2DD6-4C59-9C5B-09C7AC8BA1CF}.Debug|x86.Build.0 = Debug|Win32
		{BABA43B5-2DD6-4C59-9C5B-09C7AC8BA1CF}.Release|x64.ActiveCfg = Release|x64
		{BABA43B5-2DD6-4C59-9C5B-09C7AC8BA1CF}.Release|x64.Build.0 = Release|x64
		{BABA43B5-2DD6-4C59-9C5B-09C7AC8BA1CF}.Release|x86.ActiveCfg = Release|Win32
		{BABA43B5-2DD6-4C59-9C5B-09C7AC8BA1CF}.Release|x86.Build.0 = Release|Win32
		{4073DBFD-3516-4785-BC68-10BD4CB781BE}.Debug|x64.ActiveCfg = Debug|x64
		{4073DBFD-3516-4785-BC68-10BD4CB781BE}.Debug|x64.Build.0 = Debug|x64
		{4073DBFD-3516-4785-BC68-10BD4CB781BE}.Debug|x86.ActiveCfg = Debug|Win32
		{4073DBFD-3516-4785-BC68-10BD4CB781BE}.Debug|x86.Build.0 = Debug|Win32
		{4073DBFD-3516-4785-BC68-10BD4CB781BE}.Release|x64.ActiveCfg = Release|x64
		{4073DBFD-3516-4785-BC68-10BD4CB781BE}.Release|x64.Build.0 = Release|x64
		{4073DBFD-3516-4785-BC68-10BD4CB781BE}.Release|x86.ActiveCfg = Release|Win32
		{4073DBFD-3516-4785-BC68-10BD4CB781BE}.Release|x86.Build.0 = Release|Win32
		{F253C523-7A27-429E-A073-36B0B7757E84}.Debug|x64.ActiveCfg = Debug|x64
		{F253C523-7A27-429E-A073-36B0B7757E84}.Debug|x64.Build.0 = Debug|x64
		{F253C523-7A27-429E-A073-36B0B7757E84}.Debug|x86.ActiveCfg = Debug|Win32
		{F253C523-7A27-429E-A073-36B0B7757E84}.Debug|x86.Build.0 = Debug|Win32
		{F253C523-7A27-429E-A073-36B0B7757E84}.Release|x64.ActiveCfg = Release|x64
		{F253C523-7A27-429E-A073-36B0B7757E84}.Release|x64.Build.0 = Release|x64
		{F253C523-7A27-429E-A073-36B0B7757E84}.Release|x86.ActiveCfg = Release|Win32
		{F253C523-7A27-429E-A073-36B0B7757E84}.Release|x86.Build.0 = Release|Win32
		{DBBDD54B-340B-4C85-8E1B-0F9ADBFF614B}.Debug|x64.ActiveCfg = Debug|x64
		{DBBDD54B-340B-4C85-8E1B-0F9ADBFF614B}.Debug|x64.Build.0 = Debug|x64
		{DBBDD54B-340B-4C85-8E1B-0F9ADBFF614B}.Debug|x86.ActiveCfg = Debug|Win32
		{DBBDD54B-340B-4C85-8E1B-0F9ADBFF614B}.Debug|x86.Build.0 = Debug|Win32
		{DBBDD54B-340B-4C85-8E1B-0F9ADBFF614B}.Release|x64.ActiveCfg = Release|x64
		{DBBDD54B-340B-4C85-8E1B-0F9ADBFF614B}.Release|x64.Build.0 = Release|x64
		{DBBDD54B-340B-4C85-8E1B-0F9ADBFF614B}.Release|x86.ActiveCfg = Release|Win32
		{DBBDD54B-340B-4C85-8E1B-0F9ADBFF614B}.Release|x86.Build.0 = Release|Win32
	EndGlobalSection
	GlobalSection(SolutionProperties) = preSolution
		HideSolutionNode = FALSE
	EndGlobalSection
EndGlobal
